
Microsoft Visual Studio Solution File, Format Version 12.00
# Visual Studio 15
VisualStudioVersion = 15.0.27703.2035
MinimumVisualStudioVersion = 10.0.40219.1
Project("{9A19103F-16F7-4668-BE54-9A1E7A4F7556}") = "SmsAlert", "SmsAlert\SmsAlert.csproj", "{AB0F8F76-A5B8-40E6-950C-EA7E6BEFF130}"
EndProject
Global
	GlobalSection(SolutionConfigurationPlatforms) = preSolution
		Debug|Any CPU = Debug|Any CPU
		Release|Any CPU = Release|Any CPU
	EndGlobalSection
	GlobalSection(ProjectConfigurationPlatforms) = postSolution
		{AB0F8F76-A5B8-40E6-950C-EA7E6BEFF130}.Debug|Any CPU.ActiveCfg = Debug|Any CPU
		{AB0F8F76-A5B8-40E6-950C-EA7E6BEFF130}.Debug|Any CPU.Build.0 = Debug|Any CPU
		{AB0F8F76-A5B8-40E6-950C-EA7E6BEFF130}.Release|Any CPU.ActiveCfg = Release|Any CPU
		{AB0F8F76-A5B8-40E6-950C-EA7E6BEFF130}.Release|Any CPU.Build.0 = Release|Any CPU
	EndGlobalSection
	GlobalSection(SolutionProperties) = preSolution
		HideSolutionNode = FALSE
	EndGlobalSection
	GlobalSection(ExtensibilityGlobals) = postSolution
		SolutionGuid = {622C0CD4-FA6F-42E5-9C90-11FFF598C045}
	EndGlobalSection
EndGlobal
